
Microsoft Visual Studio Solution File, Format Version 12.00
# Visual Studio Version 17
VisualStudioVersion = 17.9.34701.34
MinimumVisualStudioVersion = 10.0.40219.1
Project("{FAE04EC0-301F-11D3-BF4B-00C04F79EFBC}") = "CleanFolder", "CleanFolder\CleanFolder.csproj", "{2F2584C9-552A-4D0B-A26D-933B29C67331}"
EndProject
Global
	GlobalSection(SolutionConfigurationPlatforms) = preSolution
		Debug|Any CPU = Debug|Any CPU
		Release|Any CPU = Release|Any CPU
	EndGlobalSection
	GlobalSection(ProjectConfigurationPlatforms) = postSolution
		{2F2584C9-552A-4D0B-A26D-933B29C67331}.Debug|Any CPU.ActiveCfg = Debug|Any CPU
		{2F2584C9-552A-4D0B-A26D-933B29C67331}.Debug|Any CPU.Build.0 = Debug|Any CPU
		{2F2584C9-552A-4D0B-A26D-933B29C67331}.Release|Any CPU.ActiveCfg = Release|Any CPU
		{2F2584C9-552A-4D0B-A26D-933B29C67331}.Release|Any CPU.Build.0 = Release|Any CPU
	EndGlobalSection
	GlobalSection(SolutionProperties) = preSolution
		HideSolutionNode = FALSE
	EndGlobalSection
	GlobalSection(ExtensibilityGlobals) = postSolution
		SolutionGuid = {23434054-1804-4887-B401-B718CE9339C7}
	EndGlobalSection
EndGlobal
